{
  "originHash" : "da298c5958b1542383e22c12090f59817625bb86011154ae838531642abcb8a7",
  "pins" : [
    {
      "identity" : "adfit-spm",
      "kind" : "remoteSourceControl",
      "location" : "https://github.com/adfit/adfit-spm.git",
      "state" : {
        "revision" : "2ecb8d10524a80b65b4bc475c94d3484667655d2",
        "version" : "3.18.6"
      }
    }
  ],
  "version" : 3
}
